
Microsoft Visual Studio Solution File, Format Version 12.00
# Visual Studio Version 17
VisualStudioVersion = 17.5.33424.131
MinimumVisualStudioVersion = 10.0.40219.1
Project("{8BC9CEB8-8B4A-11D0-8D11-00A0C91BC942}") = "Space Invaders", "Space Invaders.vcxproj", "{ED022A39-EF1C-4DA7-AB2F-2C47E4E8E82E}"
EndProject
Global
	GlobalSection(SolutionConfigurationPlatforms) = preSolution
		Debug|x64 = Debug|x64
		Debug|x86 = Debug|x86
		Release|x64 = Release|x64
		Release|x86 = Release|x86
	EndGlobalSection
	GlobalSection(ProjectConfigurationPlatforms) = postSolution
		{ED022A39-EF1C-4DA7-AB2F-2C47E4E8E82E}.Debug|x64.ActiveCfg = Debug|x64
		{ED022A39-EF1C-4DA7-AB2F-2C47E4E8E82E}.Debug|x64.Build.0 = Debug|x64
		{ED022A39-EF1C-4DA7-AB2F-2C47E4E8E82E}.Debug|x86.ActiveCfg = Debug|Win32
		{ED022A39-EF1C-4DA7-AB2F-2C47E4E8E82E}.Debug|x86.Build.0 = Debug|Win32
		{ED022A39-EF1C-4DA7-AB2F-2C47E4E8E82E}.Release|x64.ActiveCfg = Release|x64
		{ED022A39-EF1C-4DA7-AB2F-2C47E4E8E82E}.Release|x64.Build.0 = Release|x64
		{ED022A39-EF1C-4DA7-AB2F-2C47E4E8E82E}.Release|x86.ActiveCfg = Release|Win32
		{ED022A39-EF1C-4DA7-AB2F-2C47E4E8E82E}.Release|x86.Build.0 = Release|Win32
	EndGlobalSection
	GlobalSection(SolutionProperties) = preSolution
		HideSolutionNode = FALSE
	EndGlobalSection
	GlobalSection(ExtensibilityGlobals) = postSolution
		SolutionGuid = {C09E8FEF-1FA8-4509-BC04-EF71ADC5DD9C}
	EndGlobalSection
EndGlobal
